
Microsoft Visual Studio Solution File, Format Version 12.00
# Visual Studio Version 17
VisualStudioVersion = 17.2.32630.192
MinimumVisualStudioVersion = 10.0.40219.1
Project("{FAE04EC0-301F-11D3-BF4B-00C04F79EFBC}") = "Panosen.IO", "Panosen.IO\Panosen.IO.csproj", "{3103DFB8-B562-47A0-B0C2-49338EC79D7B}"
EndProject
Project("{FAE04EC0-301F-11D3-BF4B-00C04F79EFBC}") = "Panosen.IO.MSTest", "Panosen.IO.MSTest\Panosen.IO.MSTest.csproj", "{5A3037A8-0661-4D21-9221-DA2391FEB036}"
EndProject
Global
	GlobalSection(SolutionConfigurationPlatforms) = preSolution
		Debug|Any CPU = Debug|Any CPU
		Release|Any CPU = Release|Any CPU
	EndGlobalSection
	GlobalSection(ProjectConfigurationPlatforms) = postSolution
		{3103DFB8-B562-47A0-B0C2-49338EC79D7B}.Debug|Any CPU.ActiveCfg = Debug|Any CPU
		{3103DFB8-B562-47A0-B0C2-49338EC79D7B}.Debug|Any CPU.Build.0 = Debug|Any CPU
		{3103DFB8-B562-47A0-B0C2-49338EC79D7B}.Release|Any CPU.ActiveCfg = Release|Any CPU
		{3103DFB8-B562-47A0-B0C2-49338EC79D7B}.Release|Any CPU.Build.0 = Release|Any CPU
		{5A3037A8-0661-4D21-9221-DA2391FEB036}.Debug|Any CPU.ActiveCfg = Debug|Any CPU
		{5A3037A8-0661-4D21-9221-DA2391FEB036}.Debug|Any CPU.Build.0 = Debug|Any CPU
		{5A3037A8-0661-4D21-9221-DA2391FEB036}.Release|Any CPU.ActiveCfg = Release|Any CPU
		{5A3037A8-0661-4D21-9221-DA2391FEB036}.Release|Any CPU.Build.0 = Release|Any CPU
	EndGlobalSection
	GlobalSection(SolutionProperties) = preSolution
		HideSolutionNode = FALSE
	EndGlobalSection
	GlobalSection(ExtensibilityGlobals) = postSolution
		SolutionGuid = {79684615-9A0E-405B-9621-18DFEBC4DAF3}
	EndGlobalSection
EndGlobal
